
Microsoft Visual Studio Solution File, Format Version 12.00
# Visual Studio Version 17
VisualStudioVersion = 17.14.36408.4 d17.14
MinimumVisualStudioVersion = 10.0.40219.1
Project("{FAE04EC0-301F-11D3-BF4B-00C04F79EFBC}") = "Interfaces_Project_MasonSeale", "Interfaces_Project_MasonSeale\Interfaces_Project_MasonSeale.csproj", "{843AC17C-54FC-40E3-A322-561963CBDEEA}"
EndProject
Global
	GlobalSection(SolutionConfigurationPlatforms) = preSolution
		Debug|Any CPU = Debug|Any CPU
		Release|Any CPU = Release|Any CPU
	EndGlobalSection
	GlobalSection(ProjectConfigurationPlatforms) = postSolution
		{843AC17C-54FC-40E3-A322-561963CBDEEA}.Debug|Any CPU.ActiveCfg = Debug|Any CPU
		{843AC17C-54FC-40E3-A322-561963CBDEEA}.Debug|Any CPU.Build.0 = Debug|Any CPU
		{843AC17C-54FC-40E3-A322-561963CBDEEA}.Release|Any CPU.ActiveCfg = Release|Any CPU
		{843AC17C-54FC-40E3-A322-561963CBDEEA}.Release|Any CPU.Build.0 = Release|Any CPU
	EndGlobalSection
	GlobalSection(SolutionProperties) = preSolution
		HideSolutionNode = FALSE
	EndGlobalSection
	GlobalSection(ExtensibilityGlobals) = postSolution
		SolutionGuid = {65325101-A972-4B43-B85C-BDFDC83B6B79}
	EndGlobalSection
EndGlobal
